
Microsoft Visual Studio Solution File, Format Version 12.00
# Visual Studio Version 16
VisualStudioVersion = 16.0.29911.84
MinimumVisualStudioVersion = 10.0.40219.1
Project("{FAE04EC0-301F-11D3-BF4B-00C04F79EFBC}") = "DateTimeSample", "DateTimeSample\DateTimeSample.csproj", "{57D1B066-B4A6-41C0-97B8-C1E5A3AD5191}"
EndProject
Global
	GlobalSection(SolutionConfigurationPlatforms) = preSolution
		Debug|Any CPU = Debug|Any CPU
		Release|Any CPU = Release|Any CPU
	EndGlobalSection
	GlobalSection(ProjectConfigurationPlatforms) = postSolution
		{57D1B066-B4A6-41C0-97B8-C1E5A3AD5191}.Debug|Any CPU.ActiveCfg = Debug|Any CPU
		{57D1B066-B4A6-41C0-97B8-C1E5A3AD5191}.Debug|Any CPU.Build.0 = Debug|Any CPU
		{57D1B066-B4A6-41C0-97B8-C1E5A3AD5191}.Release|Any CPU.ActiveCfg = Release|Any CPU
		{57D1B066-B4A6-41C0-97B8-C1E5A3AD5191}.Release|Any CPU.Build.0 = Release|Any CPU
	EndGlobalSection
	GlobalSection(SolutionProperties) = preSolution
		HideSolutionNode = FALSE
	EndGlobalSection
	GlobalSection(ExtensibilityGlobals) = postSolution
		SolutionGuid = {CF7AD79A-0E94-45D9-8725-1ADF3F10C3C1}
	EndGlobalSection
EndGlobal
